
Microsoft Visual Studio Solution File, Format Version 12.00
# Visual Studio Version 17
VisualStudioVersion = 17.5.002.0
MinimumVisualStudioVersion = 10.0.40219.1
Project("{9A19103F-16F7-4668-BE54-9A1E7A4F7556}") = "assignment1-CSharp", "assignment1-CSharp.csproj", "{62E9F6A5-323F-432B-8668-A9BA1705BE1D}"
EndProject
Global
	GlobalSection(SolutionConfigurationPlatforms) = preSolution
		Debug|Any CPU = Debug|Any CPU
		Release|Any CPU = Release|Any CPU
	EndGlobalSection
	GlobalSection(ProjectConfigurationPlatforms) = postSolution
		{62E9F6A5-323F-432B-8668-A9BA1705BE1D}.Debug|Any CPU.ActiveCfg = Debug|Any CPU
		{62E9F6A5-323F-432B-8668-A9BA1705BE1D}.Debug|Any CPU.Build.0 = Debug|Any CPU
		{62E9F6A5-323F-432B-8668-A9BA1705BE1D}.Release|Any CPU.ActiveCfg = Release|Any CPU
		{62E9F6A5-323F-432B-8668-A9BA1705BE1D}.Release|Any CPU.Build.0 = Release|Any CPU
	EndGlobalSection
	GlobalSection(SolutionProperties) = preSolution
		HideSolutionNode = FALSE
	EndGlobalSection
	GlobalSection(ExtensibilityGlobals) = postSolution
		SolutionGuid = {0C6D157C-9355-4941-800D-A76EE61D61E4}
	EndGlobalSection
EndGlobal
